
Microsoft Visual Studio Solution File, Format Version 12.00
# Visual Studio 2013
VisualStudioVersion = 12.0.40629.0
MinimumVisualStudioVersion = 10.0.40219.1
Project("{2150E333-8FDC-42A3-9474-1A3956D46DE8}") = "UI", "UI", "{2855CC00-C9B5-424D-8F8A-72E3CC595C47}"
EndProject
Project("{2150E333-8FDC-42A3-9474-1A3956D46DE8}") = "DAL", "DAL", "{79084622-1766-49F0-8EEC-AB28DACF5FCE}"
EndProject
Project("{2150E333-8FDC-42A3-9474-1A3956D46DE8}") = "Common", "Common", "{AF31DD1F-F596-46BF-A157-50ED2FF0C8E7}"
EndProject
Project("{2150E333-8FDC-42A3-9474-1A3956D46DE8}") = "BLL", "BLL", "{B1B3D48A-1965-4985-A4F8-4E40212ED5A6}"
EndProject
Project("{2150E333-8FDC-42A3-9474-1A3956D46DE8}") = "Factory", "Factory", "{B03C84C1-7F0A-4064-8EC9-FB23E66A2F94}"
EndProject
Project("{FAE04EC0-301F-11D3-BF4B-00C04F79EFBC}") = "BookStores.UI", "BookStores.UI\BookStores.UI.csproj", "{13BB29EA-F931-4890-A8AA-1D751EAE7498}"
EndProject
Project("{FAE04EC0-301F-11D3-BF4B-00C04F79EFBC}") = "BookStores.IDAL", "BookStores.IDAL\BookStores.IDAL.csproj", "{1B0D3B6C-F75C-4334-BD28-E2F22631B22A}"
EndProject
Project("{FAE04EC0-301F-11D3-BF4B-00C04F79EFBC}") = "BookStores.BLL", "BookStores.BLL\BookStores.BLL.csproj", "{F2990679-6F1A-48E7-B4A2-EF0EF900CDF7}"
EndProject
Project("{FAE04EC0-301F-11D3-BF4B-00C04F79EFBC}") = "BookStores.DAL", "BookStores.DAL\BookStores.DAL.csproj", "{DDC805C8-ABAE-4D3D-BECF-5053330A366E}"
EndProject
Project("{FAE04EC0-301F-11D3-BF4B-00C04F79EFBC}") = "BookStores.IBLL", "BookStores.IBLL\BookStores.IBLL.csproj", "{E9A521EB-69E0-4545-98F3-BA0B33E15E18}"
EndProject
Project("{FAE04EC0-301F-11D3-BF4B-00C04F79EFBC}") = "BookSores.DbFactory", "BookSores.DbFactory\BookSores.DbFactory.csproj", "{F2FE6CBB-B2DC-4AE2-8776-4530283E86D8}"
EndProject
Project("{FAE04EC0-301F-11D3-BF4B-00C04F79EFBC}") = "BookStores.Common", "BookStores.Common\BookStores.Common.csproj", "{311FE95E-ED91-4D8C-A7EE-5FE5CFFF9C24}"
EndProject
Global
	GlobalSection(SolutionConfigurationPlatforms) = preSolution
		Debug|Any CPU = Debug|Any CPU
		Release|Any CPU = Release|Any CPU
	EndGlobalSection
	GlobalSection(ProjectConfigurationPlatforms) = postSolution
		{13BB29EA-F931-4890-A8AA-1D751EAE7498}.Debug|Any CPU.ActiveCfg = Debug|Any CPU
		{13BB29EA-F931-4890-A8AA-1D751EAE7498}.Debug|Any CPU.Build.0 = Debug|Any CPU
		{13BB29EA-F931-4890-A8AA-1D751EAE7498}.Release|Any CPU.ActiveCfg = Release|Any CPU
		{13BB29EA-F931-4890-A8AA-1D751EAE7498}.Release|Any CPU.Build.0 = Release|Any CPU
		{1B0D3B6C-F75C-4334-BD28-E2F22631B22A}.Debug|Any CPU.ActiveCfg = Debug|Any CPU
		{1B0D3B6C-F75C-4334-BD28-E2F22631B22A}.Debug|Any CPU.Build.0 = Debug|Any CPU
		{1B0D3B6C-F75C-4334-BD28-E2F22631B22A}.Release|Any CPU.ActiveCfg = Release|Any CPU
		{1B0D3B6C-F75C-4334-BD28-E2F22631B22A}.Release|Any CPU.Build.0 = Release|Any CPU
		{F2990679-6F1A-48E7-B4A2-EF0EF900CDF7}.Debug|Any CPU.ActiveCfg = Debug|Any CPU
		{F2990679-6F1A-48E7-B4A2-EF0EF900CDF7}.Debug|Any CPU.Build.0 = Debug|Any CPU
		{F2990679-6F1A-48E7-B4A2-EF0EF900CDF7}.Release|Any CPU.ActiveCfg = Release|Any CPU
		{F2990679-6F1A-48E7-B4A2-EF0EF900CDF7}.Release|Any CPU.Build.0 = Release|Any CPU
		{DDC805C8-ABAE-4D3D-BECF-5053330A366E}.Debug|Any CPU.ActiveCfg = Debug|Any CPU
		{DDC805C8-ABAE-4D3D-BECF-5053330A366E}.Debug|Any CPU.Build.0 = Debug|Any CPU
		{DDC805C8-ABAE-4D3D-BECF-5053330A366E}.Release|Any CPU.ActiveCfg = Release|Any CPU
		{DDC805C8-ABAE-4D3D-BECF-5053330A366E}.Release|Any CPU.Build.0 = Release|Any CPU
		{E9A521EB-69E0-4545-98F3-BA0B33E15E18}.Debug|Any CPU.ActiveCfg = Debug|Any CPU
		{E9A521EB-69E0-4545-98F3-BA0B33E15E18}.Debug|Any CPU.Build.0 = Debug|Any CPU
		{E9A521EB-69E0-4545-98F3-BA0B33E15E18}.Release|Any CPU.ActiveCfg = Release|Any CPU
		{E9A521EB-69E0-4545-98F3-BA0B33E15E18}.Release|Any CPU.Build.0 = Release|Any CPU
		{F2FE6CBB-B2DC-4AE2-8776-4530283E86D8}.Debug|Any CPU.ActiveCfg = Debug|Any CPU
		{F2FE6CBB-B2DC-4AE2-8776-4530283E86D8}.Debug|Any CPU.Build.0 = Debug|Any CPU
		{F2FE6CBB-B2DC-4AE2-8776-4530283E86D8}.Release|Any CPU.ActiveCfg = Release|Any CPU
		{F2FE6CBB-B2DC-4AE2-8776-4530283E86D8}.Release|Any CPU.Build.0 = Release|Any CPU
		{311FE95E-ED91-4D8C-A7EE-5FE5CFFF9C24}.Debug|Any CPU.ActiveCfg = Debug|Any CPU
		{311FE95E-ED91-4D8C-A7EE-5FE5CFFF9C24}.Debug|Any CPU.Build.0 = Debug|Any CPU
		{311FE95E-ED91-4D8C-A7EE-5FE5CFFF9C24}.Release|Any CPU.ActiveCfg = Release|Any CPU
		{311FE95E-ED91-4D8C-A7EE-5FE5CFFF9C24}.Release|Any CPU.Build.0 = Release|Any CPU
	EndGlobalSection
	GlobalSection(SolutionProperties) = preSolution
		HideSolutionNode = FALSE
	EndGlobalSection
	GlobalSection(NestedProjects) = preSolution
		{13BB29EA-F931-4890-A8AA-1D751EAE7498} = {2855CC00-C9B5-424D-8F8A-72E3CC595C47}
		{1B0D3B6C-F75C-4334-BD28-E2F22631B22A} = {79084622-1766-49F0-8EEC-AB28DACF5FCE}
		{F2990679-6F1A-48E7-B4A2-EF0EF900CDF7} = {B1B3D48A-1965-4985-A4F8-4E40212ED5A6}
		{DDC805C8-ABAE-4D3D-BECF-5053330A366E} = {79084622-1766-49F0-8EEC-AB28DACF5FCE}
		{E9A521EB-69E0-4545-98F3-BA0B33E15E18} = {B1B3D48A-1965-4985-A4F8-4E40212ED5A6}
		{F2FE6CBB-B2DC-4AE2-8776-4530283E86D8} = {B03C84C1-7F0A-4064-8EC9-FB23E66A2F94}
		{311FE95E-ED91-4D8C-A7EE-5FE5CFFF9C24} = {AF31DD1F-F596-46BF-A157-50ED2FF0C8E7}
	EndGlobalSection
EndGlobal
